
Microsoft Visual Studio Solution File, Format Version 12.00
# Visual Studio Version 17
VisualStudioVersion = 17.12.35323.107
MinimumVisualStudioVersion = 10.0.40219.1
Project("{FAE04EC0-301F-11D3-BF4B-00C04F79EFBC}") = "Honda ROM Editor", "Honda ROM Editor.csproj", "{EAE2EAB7-DFA4-4F1E-91B6-D68CF45011E6}"
EndProject
Global
	GlobalSection(SolutionConfigurationPlatforms) = preSolution
		Debug|Any CPU = Debug|Any CPU
		Release|Any CPU = Release|Any CPU
	EndGlobalSection
	GlobalSection(ProjectConfigurationPlatforms) = postSolution
		{EAE2EAB7-DFA4-4F1E-91B6-D68CF45011E6}.Debug|Any CPU.ActiveCfg = Debug|Any CPU
		{EAE2EAB7-DFA4-4F1E-91B6-D68CF45011E6}.Debug|Any CPU.Build.0 = Debug|Any CPU
		{EAE2EAB7-DFA4-4F1E-91B6-D68CF45011E6}.Release|Any CPU.ActiveCfg = Release|Any CPU
		{EAE2EAB7-DFA4-4F1E-91B6-D68CF45011E6}.Release|Any CPU.Build.0 = Release|Any CPU
	EndGlobalSection
	GlobalSection(SolutionProperties) = preSolution
		HideSolutionNode = FALSE
	EndGlobalSection
	GlobalSection(ExtensibilityGlobals) = postSolution
		SolutionGuid = {99A00224-6454-4ED4-B276-9555169320C6}
	EndGlobalSection
EndGlobal
